
Microsoft Visual Studio Solution File, Format Version 12.00
# Visual Studio Version 16
VisualStudioVersion = 16.0.29709.97
MinimumVisualStudioVersion = 10.0.40219.1
Project("{2150E333-8FDC-42A3-9474-1A3956D46DE8}") = "Docs", "Docs", "{599ECAB2-0CAD-4EFF-BA04-EA378D9D6D3D}"
EndProject
Project("{2150E333-8FDC-42A3-9474-1A3956D46DE8}") = "Src", "Src", "{D0D308F0-1AC8-4E07-814B-776DF8A037F4}"
EndProject
Project("{2150E333-8FDC-42A3-9474-1A3956D46DE8}") = "Tests", "Tests", "{5DADF8BE-E2AF-4893-A889-D1BE3FD869D8}"
EndProject
Project("{2150E333-8FDC-42A3-9474-1A3956D46DE8}") = "Common", "Common", "{D23D2A2A-C16E-419A-B229-12DC4AFD0101}"
EndProject
Project("{2150E333-8FDC-42A3-9474-1A3956D46DE8}") = "Core", "Core", "{54F7F01D-8890-44AE-862C-793121E1B5A9}"
EndProject
Project("{2150E333-8FDC-42A3-9474-1A3956D46DE8}") = "Infrastructure", "Infrastructure", "{4021F2F1-8EF0-48FB-BCCC-19FC95C3CAF4}"
EndProject
Project("{2150E333-8FDC-42A3-9474-1A3956D46DE8}") = "Presentation", "Presentation", "{57C90290-2CE3-4CA4-B73A-512F310E0A05}"
EndProject
Project("{9A19103F-16F7-4668-BE54-9A1E7A4F7556}") = "ItSingular.RH.WebApi", "ItSingular.RH.WebApi\ItSingular.RH.WebApi.csproj", "{F63FB5B1-6F50-4E0C-96C4-BB64A7365F0E}"
EndProject
Project("{9A19103F-16F7-4668-BE54-9A1E7A4F7556}") = "ItSingular.RH.Portal", "ItSingular.RH.Portal\ItSingular.RH.Portal.csproj", "{111668B3-6314-4C07-B68A-223E21FB4636}"
EndProject
Project("{9A19103F-16F7-4668-BE54-9A1E7A4F7556}") = "ItSingular.RH.Common", "ItSingular.RH.Common\ItSingular.RH.Common.csproj", "{2D049599-897E-4A09-BFAE-7A4AA6D2DDC8}"
EndProject
Project("{9A19103F-16F7-4668-BE54-9A1E7A4F7556}") = "ItSingular.RH.Application", "ItSingular.RH.Application\ItSingular.RH.Application.csproj", "{BB5F2E20-824D-4E87-8340-18ECC0D87E85}"
EndProject
Project("{9A19103F-16F7-4668-BE54-9A1E7A4F7556}") = "ItSingular.RH.Domain", "ItSingular.RH.Domain\ItSingular.RH.Domain.csproj", "{41B04D74-5D0F-4DBD-8B44-9F2BB21397D0}"
EndProject
Project("{9A19103F-16F7-4668-BE54-9A1E7A4F7556}") = "ItSingular.RH.Infrastructure", "ItSingular.RH.Infrastructure\ItSingular.RH.Infrastructure.csproj", "{8DD51D24-AEBA-40CE-A92C-7A0D148A9ABA}"
EndProject
Project("{9A19103F-16F7-4668-BE54-9A1E7A4F7556}") = "ItSingular.RH.Persistence", "ItSingular.RH.Persistence\ItSingular.RH.Persistence.csproj", "{BFDE1DE3-D40F-4B6A-8BA5-EDCA6D12BC1D}"
EndProject
Project("{FAE04EC0-301F-11D3-BF4B-00C04F79EFBC}") = "ItSingular.RH.Mvc", "ItSingular.RH.Mvc\ItSingular.RH.Mvc.csproj", "{6AD0B6D7-0AEA-454E-97A3-3674F81FAD0C}"
EndProject
Global
	GlobalSection(SolutionConfigurationPlatforms) = preSolution
		Debug|Any CPU = Debug|Any CPU
		Release|Any CPU = Release|Any CPU
	EndGlobalSection
	GlobalSection(ProjectConfigurationPlatforms) = postSolution
		{F63FB5B1-6F50-4E0C-96C4-BB64A7365F0E}.Debug|Any CPU.ActiveCfg = Debug|Any CPU
		{F63FB5B1-6F50-4E0C-96C4-BB64A7365F0E}.Debug|Any CPU.Build.0 = Debug|Any CPU
		{F63FB5B1-6F50-4E0C-96C4-BB64A7365F0E}.Release|Any CPU.ActiveCfg = Release|Any CPU
		{F63FB5B1-6F50-4E0C-96C4-BB64A7365F0E}.Release|Any CPU.Build.0 = Release|Any CPU
		{111668B3-6314-4C07-B68A-223E21FB4636}.Debug|Any CPU.ActiveCfg = Debug|Any CPU
		{111668B3-6314-4C07-B68A-223E21FB4636}.Debug|Any CPU.Build.0 = Debug|Any CPU
		{111668B3-6314-4C07-B68A-223E21FB4636}.Release|Any CPU.ActiveCfg = Release|Any CPU
		{111668B3-6314-4C07-B68A-223E21FB4636}.Release|Any CPU.Build.0 = Release|Any CPU
		{2D049599-897E-4A09-BFAE-7A4AA6D2DDC8}.Debug|Any CPU.ActiveCfg = Debug|Any CPU
		{2D049599-897E-4A09-BFAE-7A4AA6D2DDC8}.Debug|Any CPU.Build.0 = Debug|Any CPU
		{2D049599-897E-4A09-BFAE-7A4AA6D2DDC8}.Release|Any CPU.ActiveCfg = Release|Any CPU
		{2D049599-897E-4A09-BFAE-7A4AA6D2DDC8}.Release|Any CPU.Build.0 = Release|Any CPU
		{BB5F2E20-824D-4E87-8340-18ECC0D87E85}.Debug|Any CPU.ActiveCfg = Debug|Any CPU
		{BB5F2E20-824D-4E87-8340-18ECC0D87E85}.Debug|Any CPU.Build.0 = Debug|Any CPU
		{BB5F2E20-824D-4E87-8340-18ECC0D87E85}.Release|Any CPU.ActiveCfg = Release|Any CPU
		{BB5F2E20-824D-4E87-8340-18ECC0D87E85}.Release|Any CPU.Build.0 = Release|Any CPU
		{41B04D74-5D0F-4DBD-8B44-9F2BB21397D0}.Debug|Any CPU.ActiveCfg = Debug|Any CPU
		{41B04D74-5D0F-4DBD-8B44-9F2BB21397D0}.Debug|Any CPU.Build.0 = Debug|Any CPU
		{41B04D74-5D0F-4DBD-8B44-9F2BB21397D0}.Release|Any CPU.ActiveCfg = Release|Any CPU
		{41B04D74-5D0F-4DBD-8B44-9F2BB21397D0}.Release|Any CPU.Build.0 = Release|Any CPU
		{8DD51D24-AEBA-40CE-A92C-7A0D148A9ABA}.Debug|Any CPU.ActiveCfg = Debug|Any CPU
		{8DD51D24-AEBA-40CE-A92C-7A0D148A9ABA}.Debug|Any CPU.Build.0 = Debug|Any CPU
		{8DD51D24-AEBA-40CE-A92C-7A0D148A9ABA}.Release|Any CPU.ActiveCfg = Release|Any CPU
		{8DD51D24-AEBA-40CE-A92C-7A0D148A9ABA}.Release|Any CPU.Build.0 = Release|Any CPU
		{BFDE1DE3-D40F-4B6A-8BA5-EDCA6D12BC1D}.Debug|Any CPU.ActiveCfg = Debug|Any CPU
		{BFDE1DE3-D40F-4B6A-8BA5-EDCA6D12BC1D}.Debug|Any CPU.Build.0 = Debug|Any CPU
		{BFDE1DE3-D40F-4B6A-8BA5-EDCA6D12BC1D}.Release|Any CPU.ActiveCfg = Release|Any CPU
		{BFDE1DE3-D40F-4B6A-8BA5-EDCA6D12BC1D}.Release|Any CPU.Build.0 = Release|Any CPU
		{6AD0B6D7-0AEA-454E-97A3-3674F81FAD0C}.Debug|Any CPU.ActiveCfg = Debug|Any CPU
		{6AD0B6D7-0AEA-454E-97A3-3674F81FAD0C}.Debug|Any CPU.Build.0 = Debug|Any CPU
		{6AD0B6D7-0AEA-454E-97A3-3674F81FAD0C}.Release|Any CPU.ActiveCfg = Release|Any CPU
		{6AD0B6D7-0AEA-454E-97A3-3674F81FAD0C}.Release|Any CPU.Build.0 = Release|Any CPU
	EndGlobalSection
	GlobalSection(SolutionProperties) = preSolution
		HideSolutionNode = FALSE
	EndGlobalSection
	GlobalSection(NestedProjects) = preSolution
		{D23D2A2A-C16E-419A-B229-12DC4AFD0101} = {D0D308F0-1AC8-4E07-814B-776DF8A037F4}
		{54F7F01D-8890-44AE-862C-793121E1B5A9} = {D0D308F0-1AC8-4E07-814B-776DF8A037F4}
		{4021F2F1-8EF0-48FB-BCCC-19FC95C3CAF4} = {D0D308F0-1AC8-4E07-814B-776DF8A037F4}
		{57C90290-2CE3-4CA4-B73A-512F310E0A05} = {D0D308F0-1AC8-4E07-814B-776DF8A037F4}
		{F63FB5B1-6F50-4E0C-96C4-BB64A7365F0E} = {57C90290-2CE3-4CA4-B73A-512F310E0A05}
		{111668B3-6314-4C07-B68A-223E21FB4636} = {57C90290-2CE3-4CA4-B73A-512F310E0A05}
		{2D049599-897E-4A09-BFAE-7A4AA6D2DDC8} = {D23D2A2A-C16E-419A-B229-12DC4AFD0101}
		{BB5F2E20-824D-4E87-8340-18ECC0D87E85} = {54F7F01D-8890-44AE-862C-793121E1B5A9}
		{41B04D74-5D0F-4DBD-8B44-9F2BB21397D0} = {54F7F01D-8890-44AE-862C-793121E1B5A9}
		{8DD51D24-AEBA-40CE-A92C-7A0D148A9ABA} = {4021F2F1-8EF0-48FB-BCCC-19FC95C3CAF4}
		{BFDE1DE3-D40F-4B6A-8BA5-EDCA6D12BC1D} = {4021F2F1-8EF0-48FB-BCCC-19FC95C3CAF4}
		{6AD0B6D7-0AEA-454E-97A3-3674F81FAD0C} = {57C90290-2CE3-4CA4-B73A-512F310E0A05}
	EndGlobalSection
	GlobalSection(ExtensibilityGlobals) = postSolution
		SolutionGuid = {50D8DB1D-DF62-433C-A964-99209FCFE550}
	EndGlobalSection
EndGlobal
